{
	"name": "@foo/bar",
	"version": "1.0.1",
	"lockfileVersion": 1,
	"requires": true,
	"dependencies": {
		"@ahooksjs/use-request": {
			"version": "2.8.6",
			"resolved": "https://registry.npmjs.org/@ahooksjs/use-request/-/use-request-2.8.6.tgz",
			"integrity": "sha512-oOxr55Vym5/yf7c7qs8l8PPrHf5zAKGvWDqpaXI3bhDADigFU7FID1WOivG8DggQ6DBmjXvffj7IC8ii+iJLhA==",
			"requires": {
				"lodash.debounce": "^4.0.8",
				"lodash.throttle": "^4.1.1"
			}
		},
		"@types/js-cookie": {
			"version": "2.2.6",
			"resolved": "https://registry.npmjs.org/@types/js-cookie/-/js-cookie-2.2.6.tgz",
			"integrity": "sha512-+oY0FDTO2GYKEV0YPvSshGq9t7YozVkgvXLty7zogQNuCxBhT9/3INX9Q7H1aRZ4SUDRXAKlJuA4EA5nTt7SNw=="
		},
		"ahooks": {
			"version": "2.10.3",
			"resolved": "https://registry.npmjs.org/ahooks/-/ahooks-2.10.3.tgz",
			"integrity": "sha512-PtSklAZkvxTLUog/lg/tpzgXI0Bw1N7ILqZpQFfQZM4gIemvngFo9RQCiYEs4zbQkZUDyPkl2s3tKMZ+o6JgTw==",
			"requires": {
				"@ahooksjs/use-request": "^2.8.6",
				"@types/js-cookie": "^2.2.6",
				"dayjs": "^1.9.1",
				"intersection-observer": "^0.7.0",
				"js-cookie": "^2.2.1",
				"lodash.debounce": "^4.0.8",
				"lodash.isequal": "^4.5.0",
				"lodash.throttle": "^4.1.1",
				"resize-observer-polyfill": "^1.5.1",
				"screenfull": "^5.0.0"
			}
		},
		"dayjs": {
			"version": "1.10.4",
			"resolved": "https://registry.npmjs.org/dayjs/-/dayjs-1.10.4.tgz",
			"integrity": "sha512-RI/Hh4kqRc1UKLOAf/T5zdMMX5DQIlDxwUe3wSyMMnEbGunnpENCdbUgM+dW7kXidZqCttBrmw7BhN4TMddkCw=="
		},
		"intersection-observer": {
			"version": "0.7.0",
			"resolved": "https://registry.npmjs.org/intersection-observer/-/intersection-observer-0.7.0.tgz",
			"integrity": "sha512-Id0Fij0HsB/vKWGeBe9PxeY45ttRiBmhFyyt/geBdDHBYNctMRTE3dC1U3ujzz3lap+hVXlEcVaB56kZP/eEUg=="
		},
		"js-cookie": {
			"version": "2.2.1",
			"resolved": "https://registry.npmjs.org/js-cookie/-/js-cookie-2.2.1.tgz",
			"integrity": "sha512-HvdH2LzI/EAZcUwA8+0nKNtWHqS+ZmijLA30RwZA0bo7ToCckjK5MkGhjED9KoRcXO6BaGI3I9UIzSA1FKFPOQ=="
		},
		"lodash.debounce": {
			"version": "4.0.8",
			"resolved": "https://registry.npmjs.org/lodash.debounce/-/lodash.debounce-4.0.8.tgz",
			"integrity": "sha1-gteb/zCmfEAF/9XiUVMArZyk168="
		},
		"lodash.isequal": {
			"version": "4.5.0",
			"resolved": "https://registry.npmjs.org/lodash.isequal/-/lodash.isequal-4.5.0.tgz",
			"integrity": "sha1-QVxEePK8wwEgwizhDtMib30+GOA="
		},
		"lodash.throttle": {
			"version": "4.1.1",
			"resolved": "https://registry.npmjs.org/lodash.throttle/-/lodash.throttle-4.1.1.tgz",
			"integrity": "sha1-wj6RtxAkKscMN/HhzaknTMOb8vQ="
		},
		"resize-observer-polyfill": {
			"version": "1.5.1",
			"resolved": "https://registry.npmjs.org/resize-observer-polyfill/-/resize-observer-polyfill-1.5.1.tgz",
			"integrity": "sha512-LwZrotdHOo12nQuZlHEmtuXdqGoOD0OhaxopaNFxWzInpEgaLWoVuAMbTzixuosCx2nEG58ngzW3vxdWoxIgdg=="
		},
		"screenfull": {
			"version": "5.1.0",
			"resolved": "https://registry.npmjs.org/screenfull/-/screenfull-5.1.0.tgz",
			"integrity": "sha512-dYaNuOdzr+kc6J6CFcBrzkLCfyGcMg+gWkJ8us93IQ7y1cevhQAugFsaCdMHb6lw8KV3xPzSxzH7zM1dQap9mA=="
		}
	}
}
